# This file was autogenerated by Stack.
# You should not edit this file by hand.
# For more information, please see the documentation at:
#   https://docs.haskellstack.org/en/stable/lock_files

packages:
- completed:
    name: fsutils
    version: 0.1.4
    git: https://github.com/danwdart/fsutils.git
    pantry-tree:
      size: 306
      sha256: e153fdcc519c8b112d312f631abefdd2b46e60aec4ff74162b114ac6a386e6d0
    commit: a4167c212939f7b2b123072542ad305777943903
  original:
    git: https://github.com/danwdart/fsutils.git
    commit: a4167c212939f7b2b123072542ad305777943903
snapshots:
- completed:
    size: 524160
    url: https://raw.githubusercontent.com/commercialhaskell/stackage-snapshots/master/nightly/2020/8/3.yaml
    sha256: ae1e29b65f6a27a86b9b9ff736536f9f80167bb163e9a46042e57605c67fda50
  original: nightly-2020-08-03
