# This file was autogenerated by Stack.
# You should not edit this file by hand.
# For more information, please see the documentation at:
#   https://docs.haskellstack.org/en/stable/lock_files

packages:
- completed:
    cabal-file:
      size: 1054
      sha256: 9d0d4f2aef3ffe608484853d7961a02cf7c37f03213aaf6e2b665f51dfb1c96b
    name: fsutils
    version: 0.1.4
    git: git@github.com:danwdart/fsutils.git
    pantry-tree:
      size: 306
      sha256: 0899dd819db876a4adc4f13a7515ddd0fa6a5f6f4f2537ab0e9c623ef3405c87
    commit: a4c4b287f126143ae058438c38372df5f0fe4eac
  original:
    git: git@github.com:danwdart/fsutils.git
    commit: a4c4b287f126143ae058438c38372df5f0fe4eac
snapshots:
- completed:
    size: 492015
    url: https://raw.githubusercontent.com/commercialhaskell/stackage-snapshots/master/lts/15/8.yaml
    sha256: 926bc3d70249dd0ba05277ff00943c0addb35b627cb641752669e7cf771310d0
  original: lts-15.10
