# This file was autogenerated by Stack.
# You should not edit this file by hand.
# For more information, please see the documentation at:
#   https://docs.haskellstack.org/en/stable/lock_files

packages:
- completed:
    hackage: serverless-haskell-0.12.4@sha256:07a0168e4323c64aa93a8dfe473ce42ebdabc5a8c8ad5f109da186f2ade83b97,2630
    pantry-tree:
      size: 1846
      sha256: 8617644558d5fdf6cda81a4c939766b2753a44fe23b99ec6cdf760bd31c091dc
  original:
    hackage: serverless-haskell-0.12.4
- completed:
    name: fsutils
    version: 0.1.4
    git: https://github.com/danwdart/fsutils.git
    pantry-tree:
      size: 306
      sha256: e153fdcc519c8b112d312f631abefdd2b46e60aec4ff74162b114ac6a386e6d0
    commit: a4167c212939f7b2b123072542ad305777943903
  original:
    git: https://github.com/danwdart/fsutils.git
    commit: a4167c212939f7b2b123072542ad305777943903
snapshots:
- completed:
    size: 532832
    url: https://raw.githubusercontent.com/commercialhaskell/stackage-snapshots/master/lts/16/23.yaml
    sha256: fbb2a0519008533924c7753bd7164ddd1009f09504eb06674acad6049b46db09
  original: lts-16.23
